# This file is automatically @generated by Poetry 2.1.1 and should not be changed by hand.

[[package]]
name = "markdown-it-py"
version = "3.0.0"
description = "Python port of markdown-it. Markdown parsing, done right!"
optional = false
python-versions = ">=3.8"
groups = ["main"]
files = [
    {file = "markdown-it-py-3.0.0.tar.gz", hash = "sha256:e3f60a94fa066dc52ec76661e37c851cb232d92f9886b15cb560aaada2df8feb"},
    {file = "markdown_it_py-3.0.0-py3-none-any.whl", hash = "sha256:355216845c60bd96232cd8d8c40e8f9765cc86f46880e43a8fd22dc1a1a8cab1"},
]

[package.dependencies]
mdurl = ">=0.1,<1.0"

[package.extras]
benchmarking = ["psutil", "pytest", "pytest-benchmark"]
code-style = ["pre-commit (>=3.0,<4.0)"]
compare = ["commonmark (>=0.9,<1.0)", "markdown (>=3.4,<4.0)", "mistletoe (>=1.0,<2.0)", "mistune (>=2.0,<3.0)", "panflute (>=2.3,<3.0)"]
linkify = ["linkify-it-py (>=1,<3)"]
plugins = ["mdit-py-plugins"]
profiling = ["gprof2dot"]
rtd = ["jupyter_sphinx", "mdit-py-plugins", "myst-parser", "pyyaml", "sphinx", "sphinx-copybutton", "sphinx-design", "sphinx_book_theme"]
testing = ["coverage", "pytest", "pytest-cov", "pytest-regressions"]

[[package]]
name = "mdurl"
version = "0.1.2"
description = "Markdown URL utilities"
optional = false
python-versions = ">=3.7"
groups = ["main"]
files = [
    {file = "mdurl-0.1.2-py3-none-any.whl", hash = "sha256:84008a41e51615a49fc9966191ff91509e3c40b939176e643fd50a5c2196b8f8"},
    {file = "mdurl-0.1.2.tar.gz", hash = "sha256:bb413d29f5eea38f31dd4754dd7377d4465116fb207585f97bf925588687c1ba"},
]

[[package]]
name = "mypy"
version = "1.16.0"
description = "Optional static typing for Python"
optional = false
python-versions = ">=3.9"
groups = ["dev"]
files = [
    {file = "mypy-1.16.0-cp310-cp310-macosx_10_9_x86_64.whl", hash = "sha256:7909541fef256527e5ee9c0a7e2aeed78b6cda72ba44298d1334fe7881b05c5c"},
    {file = "mypy-1.16.0-cp310-cp310-macosx_11_0_arm64.whl", hash = "sha256:e71d6f0090c2256c713ed3d52711d01859c82608b5d68d4fa01a3fe30df95571"},
    {file = "mypy-1.16.0-cp310-cp310-manylinux_2_17_aarch64.manylinux2014_aarch64.manylinux_2_28_aarch64.whl", hash = "sha256:936ccfdd749af4766be824268bfe22d1db9eb2f34a3ea1d00ffbe5b5265f5491"},
    {file = "mypy-1.16.0-cp310-cp310-manylinux_2_17_x86_64.manylinux2014_x86_64.manylinux_2_28_x86_64.whl", hash = "sha256:4086883a73166631307fdd330c4a9080ce24913d4f4c5ec596c601b3a4bdd777"},
    {file = "mypy-1.16.0-cp310-cp310-musllinux_1_2_x86_64.whl", hash = "sha256:feec38097f71797da0231997e0de3a58108c51845399669ebc532c815f93866b"},
    {file = "mypy-1.16.0-cp310-cp310-win_amd64.whl", hash = "sha256:09a8da6a0ee9a9770b8ff61b39c0bb07971cda90e7297f4213741b48a0cc8d93"},
    {file = "mypy-1.16.0-cp311-cp311-macosx_10_9_x86_64.whl", hash = "sha256:9f826aaa7ff8443bac6a494cf743f591488ea940dd360e7dd330e30dd772a5ab"},
    {file = "mypy-1.16.0-cp311-cp311-macosx_11_0_arm64.whl", hash = "sha256:82d056e6faa508501af333a6af192c700b33e15865bda49611e3d7d8358ebea2"},
    {file = "mypy-1.16.0-cp311-cp311-manylinux_2_17_aarch64.manylinux2014_aarch64.manylinux_2_28_aarch64.whl", hash = "sha256:089bedc02307c2548eb51f426e085546db1fa7dd87fbb7c9fa561575cf6eb1ff"},
    {file = "mypy-1.16.0-cp311-cp311-manylinux_2_17_x86_64.manylinux2014_x86_64.manylinux_2_28_x86_64.whl", hash = "sha256:6a2322896003ba66bbd1318c10d3afdfe24e78ef12ea10e2acd985e9d684a666"},
    {file = "mypy-1.16.0-cp311-cp311-musllinux_1_2_x86_64.whl", hash = "sha256:021a68568082c5b36e977d54e8f1de978baf401a33884ffcea09bd8e88a98f4c"},
    {file = "mypy-1.16.0-cp311-cp311-win_amd64.whl", hash = "sha256:54066fed302d83bf5128632d05b4ec68412e1f03ef2c300434057d66866cea4b"},
    {file = "mypy-1.16.0-cp312-cp312-macosx_10_13_x86_64.whl", hash = "sha256:c5436d11e89a3ad16ce8afe752f0f373ae9620841c50883dc96f8b8805620b13"},
    {file = "mypy-1.16.0-cp312-cp312-macosx_11_0_arm64.whl", hash = "sha256:f2622af30bf01d8fc36466231bdd203d120d7a599a6d88fb22bdcb9dbff84090"},
    {file = "mypy-1.16.0-cp312-cp312-manylinux_2_17_aarch64.manylinux2014_aarch64.manylinux_2_28_aarch64.whl", hash = "sha256:d045d33c284e10a038f5e29faca055b90eee87da3fc63b8889085744ebabb5a1"},
    {file = "mypy-1.16.0-cp312-cp312-manylinux_2_17_x86_64.manylinux2014_x86_64.manylinux_2_28_x86_64.whl", hash = "sha256:b4968f14f44c62e2ec4a038c8797a87315be8df7740dc3ee8d3bfe1c6bf5dba8"},
    {file = "mypy-1.16.0-cp312-cp312-musllinux_1_2_x86_64.whl", hash = "sha256:eb14a4a871bb8efb1e4a50360d4e3c8d6c601e7a31028a2c79f9bb659b63d730"},
    {file = "mypy-1.16.0-cp312-cp312-win_amd64.whl", hash = "sha256:bd4e1ebe126152a7bbaa4daedd781c90c8f9643c79b9748caa270ad542f12bec"},
    {file = "mypy-1.16.0-cp313-cp313-macosx_10_13_x86_64.whl", hash = "sha256:a9e056237c89f1587a3be1a3a70a06a698d25e2479b9a2f57325ddaaffc3567b"},
    {file = "mypy-1.16.0-cp313-cp313-macosx_11_0_arm64.whl", hash = "sha256:0b07e107affb9ee6ce1f342c07f51552d126c32cd62955f59a7db94a51ad12c0"},
    {file = "mypy-1.16.0-cp313-cp313-manylinux_2_17_aarch64.manylinux2014_aarch64.manylinux_2_28_aarch64.whl", hash = "sha256:c6fb60cbd85dc65d4d63d37cb5c86f4e3a301ec605f606ae3a9173e5cf34997b"},
    {file = "mypy-1.16.0-cp313-cp313-manylinux_2_17_x86_64.manylinux2014_x86_64.manylinux_2_28_x86_64.whl", hash = "sha256:a7e32297a437cc915599e0578fa6bc68ae6a8dc059c9e009c628e1c47f91495d"},
    {file = "mypy-1.16.0-cp313-cp313-musllinux_1_2_x86_64.whl", hash = "sha256:afe420c9380ccec31e744e8baff0d406c846683681025db3531b32db56962d52"},
    {file = "mypy-1.16.0-cp313-cp313-win_amd64.whl", hash = "sha256:55f9076c6ce55dd3f8cd0c6fff26a008ca8e5131b89d5ba6d86bd3f47e736eeb"},
    {file = "mypy-1.16.0-cp39-cp39-macosx_10_9_x86_64.whl", hash = "sha256:f56236114c425620875c7cf71700e3d60004858da856c6fc78998ffe767b73d3"},
    {file = "mypy-1.16.0-cp39-cp39-macosx_11_0_arm64.whl", hash = "sha256:15486beea80be24ff067d7d0ede673b001d0d684d0095803b3e6e17a886a2a92"},
    {file = "mypy-1.16.0-cp39-cp39-manylinux_2_17_aarch64.manylinux2014_aarch64.manylinux_2_28_aarch64.whl", hash = "sha256:f2ed0e0847a80655afa2c121835b848ed101cc7b8d8d6ecc5205aedc732b1436"},
    {file = "mypy-1.16.0-cp39-cp39-manylinux_2_17_x86_64.manylinux2014_x86_64.manylinux_2_28_x86_64.whl", hash = "sha256:eb5fbc8063cb4fde7787e4c0406aa63094a34a2daf4673f359a1fb64050e9cb2"},
    {file = "mypy-1.16.0-cp39-cp39-musllinux_1_2_x86_64.whl", hash = "sha256:a5fcfdb7318c6a8dd127b14b1052743b83e97a970f0edb6c913211507a255e20"},
    {file = "mypy-1.16.0-cp39-cp39-win_amd64.whl", hash = "sha256:2e7e0ad35275e02797323a5aa1be0b14a4d03ffdb2e5f2b0489fa07b89c67b21"},
    {file = "mypy-1.16.0-py3-none-any.whl", hash = "sha256:29e1499864a3888bca5c1542f2d7232c6e586295183320caa95758fc84034031"},
    {file = "mypy-1.16.0.tar.gz", hash = "sha256:84b94283f817e2aa6350a14b4a8fb2a35a53c286f97c9d30f53b63620e7af8ab"},
]

[package.dependencies]
mypy_extensions = ">=1.0.0"
pathspec = ">=0.9.0"
typing_extensions = ">=4.6.0"

[package.extras]
dmypy = ["psutil (>=4.0)"]
faster-cache = ["orjson"]
install-types = ["pip"]
mypyc = ["setuptools (>=50)"]
reports = ["lxml"]

[[package]]
name = "mypy-extensions"
version = "1.0.0"
description = "Type system extensions for programs checked with the mypy type checker."
optional = false
python-versions = ">=3.5"
groups = ["dev"]
files = [
    {file = "mypy_extensions-1.0.0-py3-none-any.whl", hash = "sha256:4392f6c0eb8a5668a69e23d168ffa70f0be9ccfd32b5cc2d26a34ae5b844552d"},
    {file = "mypy_extensions-1.0.0.tar.gz", hash = "sha256:75dbf8955dc00442a438fc4d0666508a9a97b6bd41aa2f0ffe9d2f2725af0782"},
]

[[package]]
name = "pathspec"
version = "0.12.1"
description = "Utility library for gitignore style pattern matching of file paths."
optional = false
python-versions = ">=3.8"
groups = ["dev"]
files = [
    {file = "pathspec-0.12.1-py3-none-any.whl", hash = "sha256:a0d503e138a4c123b27490a4f7beda6a01c6f288df0e4a8b79c7eb0dc7b4cc08"},
    {file = "pathspec-0.12.1.tar.gz", hash = "sha256:a482d51503a1ab33b1c67a6c3813a26953dbdc71c31dacaef9a838c4e29f5712"},
]

[[package]]
name = "pygments"
version = "2.19.1"
description = "Pygments is a syntax highlighting package written in Python."
optional = false
python-versions = ">=3.8"
groups = ["main"]
files = [
    {file = "pygments-2.19.1-py3-none-any.whl", hash = "sha256:9ea1544ad55cecf4b8242fab6dd35a93bbce657034b0611ee383099054ab6d8c"},
    {file = "pygments-2.19.1.tar.gz", hash = "sha256:61c16d2a8576dc0649d9f39e089b5f02bcd27fba10d8fb4dcc28173f7a45151f"},
]

[package.extras]
windows-terminal = ["colorama (>=0.4.6)"]

[[package]]
name = "rich"
version = "13.9.4"
description = "Render rich text, tables, progress bars, syntax highlighting, markdown and more to the terminal"
optional = false
python-versions = ">=3.8.0"
groups = ["main"]
files = [
    {file = "rich-13.9.4-py3-none-any.whl", hash = "sha256:6049d5e6ec054bf2779ab3358186963bac2ea89175919d699e378b99738c2a90"},
    {file = "rich-13.9.4.tar.gz", hash = "sha256:439594978a49a09530cff7ebc4b5c7103ef57baf48d5ea3184f21d9a2befa098"},
]

[package.dependencies]
markdown-it-py = ">=2.2.0"
pygments = ">=2.13.0,<3.0.0"

[package.extras]
jupyter = ["ipywidgets (>=7.5.1,<9)"]

[[package]]
name = "ruff"
version = "0.11.0"
description = "An extremely fast Python linter and code formatter, written in Rust."
optional = false
python-versions = ">=3.7"
groups = ["dev"]
files = [
    {file = "ruff-0.11.0-py3-none-linux_armv6l.whl", hash = "sha256:dc67e32bc3b29557513eb7eeabb23efdb25753684b913bebb8a0c62495095acb"},
    {file = "ruff-0.11.0-py3-none-macosx_10_12_x86_64.whl", hash = "sha256:38c23fd9bdec4eb437b4c1e3595905a0a8edfccd63a790f818b28c78fe345639"},
    {file = "ruff-0.11.0-py3-none-macosx_11_0_arm64.whl", hash = "sha256:7c8661b0be91a38bd56db593e9331beaf9064a79028adee2d5f392674bbc5e88"},
    {file = "ruff-0.11.0-py3-none-manylinux_2_17_aarch64.manylinux2014_aarch64.whl", hash = "sha256:b6c0e8d3d2db7e9f6efd884f44b8dc542d5b6b590fc4bb334fdbc624d93a29a2"},
    {file = "ruff-0.11.0-py3-none-manylinux_2_17_armv7l.manylinux2014_armv7l.whl", hash = "sha256:3c3156d3f4b42e57247275a0a7e15a851c165a4fc89c5e8fa30ea6da4f7407b8"},
    {file = "ruff-0.11.0-py3-none-manylinux_2_17_i686.manylinux2014_i686.whl", hash = "sha256:490b1e147c1260545f6d041c4092483e3f6d8eba81dc2875eaebcf9140b53905"},
    {file = "ruff-0.11.0-py3-none-manylinux_2_17_ppc64.manylinux2014_ppc64.whl", hash = "sha256:1bc09a7419e09662983b1312f6fa5dab829d6ab5d11f18c3760be7ca521c9329"},
    {file = "ruff-0.11.0-py3-none-manylinux_2_17_ppc64le.manylinux2014_ppc64le.whl", hash = "sha256:bcfa478daf61ac8002214eb2ca5f3e9365048506a9d52b11bea3ecea822bb844"},
    {file = "ruff-0.11.0-py3-none-manylinux_2_17_s390x.manylinux2014_s390x.whl", hash = "sha256:6fbb2aed66fe742a6a3a0075ed467a459b7cedc5ae01008340075909d819df1e"},
    {file = "ruff-0.11.0-py3-none-manylinux_2_17_x86_64.manylinux2014_x86_64.whl", hash = "sha256:92c0c1ff014351c0b0cdfdb1e35fa83b780f1e065667167bb9502d47ca41e6db"},
    {file = "ruff-0.11.0-py3-none-musllinux_1_2_aarch64.whl", hash = "sha256:e4fd5ff5de5f83e0458a138e8a869c7c5e907541aec32b707f57cf9a5e124445"},
    {file = "ruff-0.11.0-py3-none-musllinux_1_2_armv7l.whl", hash = "sha256:96bc89a5c5fd21a04939773f9e0e276308be0935de06845110f43fd5c2e4ead7"},
    {file = "ruff-0.11.0-py3-none-musllinux_1_2_i686.whl", hash = "sha256:a9352b9d767889ec5df1483f94870564e8102d4d7e99da52ebf564b882cdc2c7"},
    {file = "ruff-0.11.0-py3-none-musllinux_1_2_x86_64.whl", hash = "sha256:049a191969a10897fe052ef9cc7491b3ef6de79acd7790af7d7897b7a9bfbcb6"},
    {file = "ruff-0.11.0-py3-none-win32.whl", hash = "sha256:3191e9116b6b5bbe187447656f0c8526f0d36b6fd89ad78ccaad6bdc2fad7df2"},
    {file = "ruff-0.11.0-py3-none-win_amd64.whl", hash = "sha256:c58bfa00e740ca0a6c43d41fb004cd22d165302f360aaa56f7126d544db31a21"},
    {file = "ruff-0.11.0-py3-none-win_arm64.whl", hash = "sha256:868364fc23f5aa122b00c6f794211e85f7e78f5dffdf7c590ab90b8c4e69b657"},
    {file = "ruff-0.11.0.tar.gz", hash = "sha256:e55c620690a4a7ee6f1cccb256ec2157dc597d109400ae75bbf944fc9d6462e2"},
]

[[package]]
name = "typing-extensions"
version = "4.12.2"
description = "Backported and Experimental Type Hints for Python 3.8+"
optional = false
python-versions = ">=3.8"
groups = ["dev"]
files = [
    {file = "typing_extensions-4.12.2-py3-none-any.whl", hash = "sha256:04e5ca0351e0f3f85c6853954072df659d0d13fac324d0072316b67d7794700d"},
    {file = "typing_extensions-4.12.2.tar.gz", hash = "sha256:1a7ead55c7e559dd4dee8856e3a88b41225abfe1ce8df57b7c13915fe121ffb8"},
]

[metadata]
lock-version = "2.1"
python-versions = ">= 3.11, < 4"
content-hash = "01f4619a9f09e5c38bdac61c66e4b4bab62f5b25eabc056bef82cde4f7a77a01"
